
Microsoft Visual Studio Solution File, Format Version 12.00
# Visual Studio Version 17
VisualStudioVersion = 17.9.34526.213
MinimumVisualStudioVersion = 10.0.40219.1
Project("{9A19103F-16F7-4668-BE54-9A1E7A4F7556}") = "SignalRTemplate.WebApi", "SignalRTemplate.WebApi\SignalRTemplate.WebApi.csproj", "{8E5B765E-4D9E-42F6-AE99-052E08614A9C}"
EndProject
Project("{9A19103F-16F7-4668-BE54-9A1E7A4F7556}") = "SignalRTemplate.Domain", "SignalRTemplate.Domain\SignalRTemplate.Domain.csproj", "{143B899C-2675-41E4-8C36-C556740BAAA6}"
EndProject
Global
	GlobalSection(SolutionConfigurationPlatforms) = preSolution
		Debug|Any CPU = Debug|Any CPU
		Release|Any CPU = Release|Any CPU
	EndGlobalSection
	GlobalSection(ProjectConfigurationPlatforms) = postSolution
		{8E5B765E-4D9E-42F6-AE99-052E08614A9C}.Debug|Any CPU.ActiveCfg = Debug|Any CPU
		{8E5B765E-4D9E-42F6-AE99-052E08614A9C}.Debug|Any CPU.Build.0 = Debug|Any CPU
		{8E5B765E-4D9E-42F6-AE99-052E08614A9C}.Release|Any CPU.ActiveCfg = Release|Any CPU
		{8E5B765E-4D9E-42F6-AE99-052E08614A9C}.Release|Any CPU.Build.0 = Release|Any CPU
		{143B899C-2675-41E4-8C36-C556740BAAA6}.Debug|Any CPU.ActiveCfg = Debug|Any CPU
		{143B899C-2675-41E4-8C36-C556740BAAA6}.Debug|Any CPU.Build.0 = Debug|Any CPU
		{143B899C-2675-41E4-8C36-C556740BAAA6}.Release|Any CPU.ActiveCfg = Release|Any CPU
		{143B899C-2675-41E4-8C36-C556740BAAA6}.Release|Any CPU.Build.0 = Release|Any CPU
	EndGlobalSection
	GlobalSection(SolutionProperties) = preSolution
		HideSolutionNode = FALSE
	EndGlobalSection
	GlobalSection(ExtensibilityGlobals) = postSolution
		SolutionGuid = {5BFA99FD-4602-49CA-956A-F846AAC7CF23}
	EndGlobalSection
EndGlobal
